{
  "name": "tsd-generator",
  "version": "1.0.0",
  "lockfileVersion": 1,
  "requires": true,
  "dependencies": {
    "html-entities": {
      "version": "1.2.1",
      "resolved": "http://registry.npm.taobao.org/html-entities/download/html-entities-1.2.1.tgz",
      "integrity": "sha1-DfKTUfByEWNRXfueVUPl9u7VFi8="
    }
  }
}
